
Microsoft Visual Studio Solution File, Format Version 12.00
# Visual Studio Version 17
VisualStudioVersion = 17.0.31903.59
MinimumVisualStudioVersion = 10.0.40219.1
Project("{2150E333-8FDC-42A3-9474-1A3956D46DE8}") = "src", "src", "{65AE5001-7174-428C-B073-AAC5FADA3454}"
EndProject
Project("{FAE04EC0-301F-11D3-BF4B-00C04F79EFBC}") = "BookManagement.API", "src\BookManagement.API\BookManagement.API.csproj", "{D7F7840E-06F8-48ED-A13D-33C2344A5AA0}"
EndProject
Project("{FAE04EC0-301F-11D3-BF4B-00C04F79EFBC}") = "BookManagement.Domain", "src\BookManagement.Domain\BookManagement.Domain.csproj", "{6D953EE6-4A20-46E1-B74B-CB64EE7E917A}"
EndProject
Project("{FAE04EC0-301F-11D3-BF4B-00C04F79EFBC}") = "BookManagement.Infrastructure", "src\BookManagement.Infrastructure\BookManagement.Infrastructure.csproj", "{CAEE64C9-EED8-4495-99CC-B83CE1D0DC40}"
EndProject
Global
	GlobalSection(SolutionConfigurationPlatforms) = preSolution
		Debug|Any CPU = Debug|Any CPU
		Release|Any CPU = Release|Any CPU
	EndGlobalSection
	GlobalSection(SolutionProperties) = preSolution
		HideSolutionNode = FALSE
	EndGlobalSection
	GlobalSection(ProjectConfigurationPlatforms) = postSolution
		{D7F7840E-06F8-48ED-A13D-33C2344A5AA0}.Debug|Any CPU.ActiveCfg = Debug|Any CPU
		{D7F7840E-06F8-48ED-A13D-33C2344A5AA0}.Debug|Any CPU.Build.0 = Debug|Any CPU
		{D7F7840E-06F8-48ED-A13D-33C2344A5AA0}.Release|Any CPU.ActiveCfg = Release|Any CPU
		{D7F7840E-06F8-48ED-A13D-33C2344A5AA0}.Release|Any CPU.Build.0 = Release|Any CPU
		{6D953EE6-4A20-46E1-B74B-CB64EE7E917A}.Debug|Any CPU.ActiveCfg = Debug|Any CPU
		{6D953EE6-4A20-46E1-B74B-CB64EE7E917A}.Debug|Any CPU.Build.0 = Debug|Any CPU
		{6D953EE6-4A20-46E1-B74B-CB64EE7E917A}.Release|Any CPU.ActiveCfg = Release|Any CPU
		{6D953EE6-4A20-46E1-B74B-CB64EE7E917A}.Release|Any CPU.Build.0 = Release|Any CPU
		{CAEE64C9-EED8-4495-99CC-B83CE1D0DC40}.Debug|Any CPU.ActiveCfg = Debug|Any CPU
		{CAEE64C9-EED8-4495-99CC-B83CE1D0DC40}.Debug|Any CPU.Build.0 = Debug|Any CPU
		{CAEE64C9-EED8-4495-99CC-B83CE1D0DC40}.Release|Any CPU.ActiveCfg = Release|Any CPU
		{CAEE64C9-EED8-4495-99CC-B83CE1D0DC40}.Release|Any CPU.Build.0 = Release|Any CPU
	EndGlobalSection
	GlobalSection(NestedProjects) = preSolution
		{D7F7840E-06F8-48ED-A13D-33C2344A5AA0} = {65AE5001-7174-428C-B073-AAC5FADA3454}
		{6D953EE6-4A20-46E1-B74B-CB64EE7E917A} = {65AE5001-7174-428C-B073-AAC5FADA3454}
		{CAEE64C9-EED8-4495-99CC-B83CE1D0DC40} = {65AE5001-7174-428C-B073-AAC5FADA3454}
	EndGlobalSection
EndGlobal
